{
    "name": "task1-demo",
    "version": "1.0.0",
    "lockfileVersion": 3,
    "requires": true,
    "packages": {
        "": {
            "name": "task1-demo",
            "version": "1.0.0",
            "license": "MIT",
            "dependencies": {
                "wordle-task1-library": "file:../../app/js/task1-library"
            }
        },
        "../../app/js/task1-library": {},
        "node_modules/wordle-task1-library": {
            "resolved": "../../app/js/task1-library",
            "link": true
        }
    }
}
